
Microsoft Visual Studio Solution File, Format Version 12.00
# Visual Studio Version 17
VisualStudioVersion = 17.7.34024.191
MinimumVisualStudioVersion = 10.0.40219.1
Project("{FAE04EC0-301F-11D3-BF4B-00C04F79EFBC}") = "Öğrenci Not Kayıt Sistemi", "Öğrenci Not Kayıt Sistemi\Öğrenci Not Kayıt Sistemi.csproj", "{FAB015B4-6DAA-40CB-BE69-C317B383705D}"
EndProject
Global
	GlobalSection(SolutionConfigurationPlatforms) = preSolution
		Debug|Any CPU = Debug|Any CPU
		Release|Any CPU = Release|Any CPU
	EndGlobalSection
	GlobalSection(ProjectConfigurationPlatforms) = postSolution
		{FAB015B4-6DAA-40CB-BE69-C317B383705D}.Debug|Any CPU.ActiveCfg = Debug|Any CPU
		{FAB015B4-6DAA-40CB-BE69-C317B383705D}.Debug|Any CPU.Build.0 = Debug|Any CPU
		{FAB015B4-6DAA-40CB-BE69-C317B383705D}.Release|Any CPU.ActiveCfg = Release|Any CPU
		{FAB015B4-6DAA-40CB-BE69-C317B383705D}.Release|Any CPU.Build.0 = Release|Any CPU
	EndGlobalSection
	GlobalSection(SolutionProperties) = preSolution
		HideSolutionNode = FALSE
	EndGlobalSection
	GlobalSection(ExtensibilityGlobals) = postSolution
		SolutionGuid = {3B82308A-DAEA-4DA7-905B-686AAB388F3C}
	EndGlobalSection
EndGlobal
